// !$*UTF8*$!
{
	archiveVersion = 1;
	classes = {
	};
	objectVersion = 46;
	objects = {

/* Begin PBXBuildFile section */
		08FFCDA619CA607A00DAD246 /* JogoDeCombinacaoDeCartas.m in Sources */ = {isa = PBXBuildFile; fileRef = 08FFCDA519CA607A00DAD246 /* JogoDeCombinacaoDeCartas.m */; };
		15228D7719D347A100A51804 /* CartaView.m in Sources */ = {isa = PBXBuildFile; fileRef = 15228D7619D347A100A51804 /* CartaView.m */; };
		15E2077C19C8E07500D76747 /* main.m in Sources */ = {isa = PBXBuildFile; fileRef = 15E2077B19C8E07500D76747 /* main.m */; };
		15E2077F19C8E07500D76747 /* AppDelegate.m in Sources */ = {isa = PBXBuildFile; fileRef = 15E2077E19C8E07500D76747 /* AppDelegate.m */; };
		15E2078719C8E07500D76747 /* Images.xcassets in Resources */ = {isa = PBXBuildFile; fileRef = 15E2078619C8E07500D76747 /* Images.xcassets */; };
		15E2078A19C8E07500D76747 /* LaunchScreen.xib in Resources */ = {isa = PBXBuildFile; fileRef = 15E2078819C8E07500D76747 /* LaunchScreen.xib */; };
		15E2079619C8E07500D76747 /* CombinismoTests.m in Sources */ = {isa = PBXBuildFile; fileRef = 15E2079519C8E07500D76747 /* CombinismoTests.m */; };
		15E207AA19C8E09800D76747 /* Main.storyboard in Resources */ = {isa = PBXBuildFile; fileRef = 15E2079F19C8E09800D76747 /* Main.storyboard */; };
		15E207AB19C8E09800D76747 /* JogoDeCartasViewControler.m in Sources */ = {isa = PBXBuildFile; fileRef = 15E207A119C8E09800D76747 /* JogoDeCartasViewControler.m */; };
		15E207AC19C8E09800D76747 /* Carta.m in Sources */ = {isa = PBXBuildFile; fileRef = 15E207A319C8E09800D76747 /* Carta.m */; };
		15E207AD19C8E09800D76747 /* Baralho.m in Sources */ = {isa = PBXBuildFile; fileRef = 15E207A519C8E09800D76747 /* Baralho.m */; };
		15E207AE19C8E09800D76747 /* CartaDeJogo.m in Sources */ = {isa = PBXBuildFile; fileRef = 15E207A719C8E09800D76747 /* CartaDeJogo.m */; };
		15E207AF19C8E09800D76747 /* BaralhoDeJogo.m in Sources */ = {isa = PBXBuildFile; fileRef = 15E207A919C8E09800D76747 /* BaralhoDeJogo.m */; };
/* End PBXBuildFile section */

/* Begin PBXContainerItemProxy section */
		15E2079019C8E07500D76747 /* PBXContainerItemProxy */ = {
			isa = PBXContainerItemProxy;
			containerPortal = 15E2076E19C8E07400D76747 /* Project object */;
			proxyType = 1;
			remoteGlobalIDString = 15E2077519C8E07500D76747;
			remoteInfo = Combinismo;
		};
/* End PBXContainerItemProxy section */

/* Begin PBXFileReference section */
		08FFCDA419CA607A00DAD246 /* JogoDeCombinacaoDeCartas.h */ = {isa = PBXFileReference; fileEncoding = 4; lastKnownFileType = sourcecode.c.h; path = JogoDeCombinacaoDeCartas.h; sourceTree = "<group>"; };
		08FFCDA519CA607A00DAD246 /* JogoDeCombinacaoDeCartas.m */ = {isa = PBXFileReference; fileEncoding = 4; lastKnownFileType = sourcecode.c.objc; path = JogoDeCombinacaoDeCartas.m; sourceTree = "<group>"; };
		15228D7519D347A100A51804 /* CartaView.h */ = {isa = PBXFileReference; fileEncoding = 4; lastKnownFileType = sourcecode.c.h; path = CartaView.h; sourceTree = "<group>"; };
		15228D7619D347A100A51804 /* CartaView.m */ = {isa = PBXFileReference; fileEncoding = 4; lastKnownFileType = sourcecode.c.objc; path = CartaView.m; sourceTree = "<group>"; };
		15E2077619C8E07500D76747 /* Combinismo.app */ = {isa = PBXFileReference; explicitFileType = wrapper.application; includeInIndex = 0; path = Combinismo.app; sourceTree = BUILT_PRODUCTS_DIR; };
		15E2077A19C8E07500D76747 /* Info.plist */ = {isa = PBXFileReference; lastKnownFileType = text.plist.xml; path = Info.plist; sourceTree = "<group>"; };
		15E2077B19C8E07500D76747 /* main.m */ = {isa = PBXFileReference; lastKnownFileType = sourcecode.c.objc; path = main.m; sourceTree = "<group>"; };
		15E2077D19C8E07500D76747 /* AppDelegate.h */ = {isa = PBXFileReference; lastKnownFileType = sourcecode.c.h; path = AppDelegate.h; sourceTree = "<group>"; };
		15E2077E19C8E07500D76747 /* AppDelegate.m */ = {isa = PBXFileReference; lastKnownFileType = sourcecode.c.objc; path = AppDelegate.m; sourceTree = "<group>"; };
		15E2078619C8E07500D76747 /* Images.xcassets */ = {isa = PBXFileReference; lastKnownFileType = folder.assetcatalog; path = Images.xcassets; sourceTree = "<group>"; };
		15E2078919C8E07500D76747 /* Base */ = {isa = PBXFileReference; lastKnownFileType = file.xib; name = Base; path = Base.lproj/LaunchScreen.xib; sourceTree = "<group>"; };
		15E2078F19C8E07500D76747 /* CombinismoTests.xctest */ = {isa = PBXFileReference; explicitFileType = wrapper.cfbundle; includeInIndex = 0; path = CombinismoTests.xctest; sourceTree = BUILT_PRODUCTS_DIR; };
		15E2079419C8E07500D76747 /* Info.plist */ = {isa = PBXFileReference; lastKnownFileType = text.plist.xml; path = Info.plist; sourceTree = "<group>"; };
		15E2079519C8E07500D76747 /* CombinismoTests.m */ = {isa = PBXFileReference; lastKnownFileType = sourcecode.c.objc; path = CombinismoTests.m; sourceTree = "<group>"; };
		15E2079F19C8E09800D76747 /* Main.storyboard */ = {isa = PBXFileReference; fileEncoding = 4; lastKnownFileType = file.storyboard; path = Main.storyboard; sourceTree = "<group>"; };
		15E207A019C8E09800D76747 /* JogoDeCartasViewControler.h */ = {isa = PBXFileReference; fileEncoding = 4; lastKnownFileType = sourcecode.c.h; path = JogoDeCartasViewControler.h; sourceTree = "<group>"; };
		15E207A119C8E09800D76747 /* JogoDeCartasViewControler.m */ = {isa = PBXFileReference; fileEncoding = 4; lastKnownFileType = sourcecode.c.objc; path = JogoDeCartasViewControler.m; sourceTree = "<group>"; };
		15E207A219C8E09800D76747 /* Carta.h */ = {isa = PBXFileReference; fileEncoding = 4; lastKnownFileType = sourcecode.c.h; path = Carta.h; sourceTree = "<group>"; };
		15E207A319C8E09800D76747 /* Carta.m */ = {isa = PBXFileReference; fileEncoding = 4; lastKnownFileType = sourcecode.c.objc; path = Carta.m; sourceTree = "<group>"; };
		15E207A419C8E09800D76747 /* Baralho.h */ = {isa = PBXFileReference; fileEncoding = 4; lastKnownFileType = sourcecode.c.h; path = Baralho.h; sourceTree = "<group>"; };
		15E207A519C8E09800D76747 /* Baralho.m */ = {isa = PBXFileReference; fileEncoding = 4; lastKnownFileType = sourcecode.c.objc; path = Baralho.m; sourceTree = "<group>"; };
		15E207A619C8E09800D76747 /* CartaDeJogo.h */ = {isa = PBXFileReference; fileEncoding = 4; lastKnownFileType = sourcecode.c.h; path = CartaDeJogo.h; sourceTree = "<group>"; };
		15E207A719C8E09800D76747 /* CartaDeJogo.m */ = {isa = PBXFileReference; fileEncoding = 4; lastKnownFileType = sourcecode.c.objc; path = CartaDeJogo.m; sourceTree = "<group>"; };
		15E207A819C8E09800D76747 /* BaralhoDeJogo.h */ = {isa = PBXFileReference; fileEncoding = 4; lastKnownFileType = sourcecode.c.h; path = BaralhoDeJogo.h; sourceTree = "<group>"; };
		15E207A919C8E09800D76747 /* BaralhoDeJogo.m */ = {isa = PBXFileReference; fileEncoding = 4; lastKnownFileType = sourcecode.c.objc; path = BaralhoDeJogo.m; sourceTree = "<group>"; };
/* End PBXFileReference section */

/* Begin PBXFrameworksBuildPhase section */
		15E2077319C8E07500D76747 /* Frameworks */ = {
			isa = PBXFrameworksBuildPhase;
			buildActionMask = 2147483647;
			files = (
			);
			runOnlyForDeploymentPostprocessing = 0;
		};
		15E2078C19C8E07500D76747 /* Frameworks */ = {
			isa = PBXFrameworksBuildPhase;
			buildActionMask = 2147483647;
			files = (
			);
			runOnlyForDeploymentPostprocessing = 0;
		};
/* End PBXFrameworksBuildPhase section */

/* Begin PBXGroup section */
		15CB9AB119CCBA960045463F /* Model */ = {
			isa = PBXGroup;
			children = (
				08FFCDA419CA607A00DAD246 /* JogoDeCombinacaoDeCartas.h */,
				08FFCDA519CA607A00DAD246 /* JogoDeCombinacaoDeCartas.m */,
				15E207A219C8E09800D76747 /* Carta.h */,
				15E207A319C8E09800D76747 /* Carta.m */,
				15E207A419C8E09800D76747 /* Baralho.h */,
				15E207A519C8E09800D76747 /* Baralho.m */,
				15E207A619C8E09800D76747 /* CartaDeJogo.h */,
				15E207A719C8E09800D76747 /* CartaDeJogo.m */,
				15E207A819C8E09800D76747 /* BaralhoDeJogo.h */,
				15E207A919C8E09800D76747 /* BaralhoDeJogo.m */,
				15228D7519D347A100A51804 /* CartaView.h */,
				15228D7619D347A100A51804 /* CartaView.m */,
			);
			name = Model;
			sourceTree = "<group>";
		};
		15E2076D19C8E07400D76747 = {
			isa = PBXGroup;
			children = (
				15E2077819C8E07500D76747 /* Combinismo */,
				15E2079219C8E07500D76747 /* CombinismoTests */,
				15E2077719C8E07500D76747 /* Products */,
			);
			sourceTree = "<group>";
		};
		15E2077719C8E07500D76747 /* Products */ = {
			isa = PBXGroup;
			children = (
				15E2077619C8E07500D76747 /* Combinismo.app */,
				15E2078F19C8E07500D76747 /* CombinismoTests.xctest */,
			);
			name = Products;
			sourceTree = "<group>";
		};
		15E2077819C8E07500D76747 /* Combinismo */ = {
			isa = PBXGroup;
			children = (
				15E2079F19C8E09800D76747 /* Main.storyboard */,
				15E207A019C8E09800D76747 /* JogoDeCartasViewControler.h */,
				15E207A119C8E09800D76747 /* JogoDeCartasViewControler.m */,
				15CB9AB119CCBA960045463F /* Model */,
				15E2077919C8E07500D76747 /* Supporting Files */,
			);
			path = Combinismo;
			sourceTree = "<group>";
		};
		15E2077919C8E07500D76747 /* Supporting Files */ = {
			isa = PBXGroup;
			children = (
				15E2078619C8E07500D76747 /* Images.xcassets */,
				15E2078819C8E07500D76747 /* LaunchScreen.xib */,
				15E2077D19C8E07500D76747 /* AppDelegate.h */,
				15E2077E19C8E07500D76747 /* AppDelegate.m */,
				15E2077A19C8E07500D76747 /* Info.plist */,
				15E2077B19C8E07500D76747 /* main.m */,
			);
			name = "Supporting Files";
			sourceTree = "<group>";
		};
		15E2079219C8E07500D76747 /* CombinismoTests */ = {
			isa = PBXGroup;
			children = (
				15E2079519C8E07500D76747 /* CombinismoTests.m */,
				15E2079319C8E07500D76747 /* Supporting Files */,
			);
			path = CombinismoTests;
			sourceTree = "<group>";
		};
		15E2079319C8E07500D76747 /* Supporting Files */ = {
			isa = PBXGroup;
			children = (
				15E2079419C8E07500D76747 /* Info.plist */,
			);
			name = "Supporting Files";
			sourceTree = "<group>";
		};
/* End PBXGroup section */

/* Begin PBXNativeTarget section */
		15E2077519C8E07500D76747 /* Combinismo */ = {
			isa = PBXNativeTarget;
			buildConfigurationList = 15E2079919C8E07500D76747 /* Build configuration list for PBXNativeTarget "Combinismo" */;
			buildPhases = (
				15E2077219C8E07500D76747 /* Sources */,
				15E2077319C8E07500D76747 /* Frameworks */,
				15E2077419C8E07500D76747 /* Resources */,
			);
			buildRules = (
			);
			dependencies = (
			);
			name = Combinismo;
			productName = Combinismo;
			productReference = 15E2077619C8E07500D76747 /* Combinismo.app */;
			productType = "com.apple.product-type.application";
		};
		15E2078E19C8E07500D76747 /* CombinismoTests */ = {
			isa = PBXNativeTarget;
			buildConfigurationList = 15E2079C19C8E07500D76747 /* Build configuration list for PBXNativeTarget "CombinismoTests" */;
			buildPhases = (
				15E2078B19C8E07500D76747 /* Sources */,
				15E2078C19C8E07500D76747 /* Frameworks */,
				15E2078D19C8E07500D76747 /* Resources */,
			);
			buildRules = (
			);
			dependencies = (
				15E2079119C8E07500D76747 /* PBXTargetDependency */,
			);
			name = CombinismoTests;
			productName = CombinismoTests;
			productReference = 15E2078F19C8E07500D76747 /* CombinismoTests.xctest */;
			productType = "com.apple.product-type.bundle.unit-test";
		};
/* End PBXNativeTarget section */

/* Begin PBXProject section */
		15E2076E19C8E07400D76747 /* Project object */ = {
			isa = PBXProject;
			attributes = {
				LastUpgradeCheck = 0600;
				ORGANIZATIONNAME = "Elis Nunes";
				TargetAttributes = {
					15E2077519C8E07500D76747 = {
						CreatedOnToolsVersion = 6.1;
					};
					15E2078E19C8E07500D76747 = {
						CreatedOnToolsVersion = 6.1;
						TestTargetID = 15E2077519C8E07500D76747;
					};
				};
			};
			buildConfigurationList = 15E2077119C8E07400D76747 /* Build configuration list for PBXProject "Combinismo" */;
			compatibilityVersion = "Xcode 3.2";
			developmentRegion = English;
			hasScannedForEncodings = 0;
			knownRegions = (
				en,
				Base,
			);
			mainGroup = 15E2076D19C8E07400D76747;
			productRefGroup = 15E2077719C8E07500D76747 /* Products */;
			projectDirPath = "";
			projectRoot = "";
			targets = (
				15E2077519C8E07500D76747 /* Combinismo */,
				15E2078E19C8E07500D76747 /* CombinismoTests */,
			);
		};
/* End PBXProject section */

/* Begin PBXResourcesBuildPhase section */
		15E2077419C8E07500D76747 /* Resources */ = {
			isa = PBXResourcesBuildPhase;
			buildActionMask = 2147483647;
			files = (
				15E2078A19C8E07500D76747 /* LaunchScreen.xib in Resources */,
				15E2078719C8E07500D76747 /* Images.xcassets in Resources */,
				15E207AA19C8E09800D76747 /* Main.storyboard in Resources */,
			);
			runOnlyForDeploymentPostprocessing = 0;
		};
		15E2078D19C8E07500D76747 /* Resources */ = {
			isa = PBXResourcesBuildPhase;
			buildActionMask = 2147483647;
			files = (
			);
			runOnlyForDeploymentPostprocessing = 0;
		};
/* End PBXResourcesBuildPhase section */

/* Begin PBXSourcesBuildPhase section */
		15E2077219C8E07500D76747 /* Sources */ = {
			isa = PBXSourcesBuildPhase;
			buildActionMask = 2147483647;
			files = (
				08FFCDA619CA607A00DAD246 /* JogoDeCombinacaoDeCartas.m in Sources */,
				15E207AD19C8E09800D76747 /* Baralho.m in Sources */,
				15E2077F19C8E07500D76747 /* AppDelegate.m in Sources */,
				15E207AF19C8E09800D76747 /* BaralhoDeJogo.m in Sources */,
				15228D7719D347A100A51804 /* CartaView.m in Sources */,
				15E207AE19C8E09800D76747 /* CartaDeJogo.m in Sources */,
				15E207AC19C8E09800D76747 /* Carta.m in Sources */,
				15E2077C19C8E07500D76747 /* main.m in Sources */,
				15E207AB19C8E09800D76747 /* JogoDeCartasViewControler.m in Sources */,
			);
			runOnlyForDeploymentPostprocessing = 0;
		};
		15E2078B19C8E07500D76747 /* Sources */ = {
			isa = PBXSourcesBuildPhase;
			buildActionMask = 2147483647;
			files = (
				15E2079619C8E07500D76747 /* CombinismoTests.m in Sources */,
			);
			runOnlyForDeploymentPostprocessing = 0;
		};
/* End PBXSourcesBuildPhase section */

/* Begin PBXTargetDependency section */
		15E2079119C8E07500D76747 /* PBXTargetDependency */ = {
			isa = PBXTargetDependency;
			target = 15E2077519C8E07500D76747 /* Combinismo */;
			targetProxy = 15E2079019C8E07500D76747 /* PBXContainerItemProxy */;
		};
/* End PBXTargetDependency section */

/* Begin PBXVariantGroup section */
		15E2078819C8E07500D76747 /* LaunchScreen.xib */ = {
			isa = PBXVariantGroup;
			children = (
				15E2078919C8E07500D76747 /* Base */,
			);
			name = LaunchScreen.xib;
			sourceTree = "<group>";
		};
/* End PBXVariantGroup section */

/* Begin XCBuildConfiguration section */
		15E2079719C8E07500D76747 /* Debug */ = {
			isa = XCBuildConfiguration;
			buildSettings = {
				ALWAYS_SEARCH_USER_PATHS = NO;
				CLANG_CXX_LANGUAGE_STANDARD = "gnu++0x";
				CLANG_CXX_LIBRARY = "libc++";
				CLANG_ENABLE_MODULES = YES;
				CLANG_ENABLE_OBJC_ARC = YES;
				CLANG_WARN_BOOL_CONVERSION = YES;
				CLANG_WARN_CONSTANT_CONVERSION = YES;
				CLANG_WARN_DIRECT_OBJC_ISA_USAGE = YES_ERROR;
				CLANG_WARN_EMPTY_BODY = YES;
				CLANG_WARN_ENUM_CONVERSION = YES;
				CLANG_WARN_INT_CONVERSION = YES;
				CLANG_WARN_OBJC_ROOT_CLASS = YES_ERROR;
				CLANG_WARN_UNREACHABLE_CODE = YES;
				CLANG_WARN__DUPLICATE_METHOD_MATCH = YES;
				"CODE_SIGN_IDENTITY[sdk=iphoneos*]" = "iPhone Developer";
				COPY_PHASE_STRIP = NO;
				ENABLE_STRICT_OBJC_MSGSEND = YES;
				GCC_C_LANGUAGE_STANDARD = gnu99;
				GCC_DYNAMIC_NO_PIC = NO;
				GCC_OPTIMIZATION_LEVEL = 0;
				GCC_PREPROCESSOR_DEFINITIONS = (
					"DEBUG=1",
					"$(inherited)",
				);
				GCC_SYMBOLS_PRIVATE_EXTERN = NO;
				GCC_WARN_64_TO_32_BIT_CONVERSION = YES;
				GCC_WARN_ABOUT_RETURN_TYPE = YES_ERROR;
				GCC_WARN_UNDECLARED_SELECTOR = YES;
				GCC_WARN_UNINITIALIZED_AUTOS = YES_AGGRESSIVE;
				GCC_WARN_UNUSED_FUNCTION = YES;
				GCC_WARN_UNUSED_VARIABLE = YES;
				IPHONEOS_DEPLOYMENT_TARGET = 8.0;
				MTL_ENABLE_DEBUG_INFO = YES;
				ONLY_ACTIVE_ARCH = YES;
				SDKROOT = iphoneos;
			};
			name = Debug;
		};
		15E2079819C8E07500D76747 /* Release */ = {
			isa = XCBuildConfiguration;
			buildSettings = {
				ALWAYS_SEARCH_USER_PATHS = NO;
				CLANG_CXX_LANGUAGE_STANDARD = "gnu++0x";
				CLANG_CXX_LIBRARY = "libc++";
				CLANG_ENABLE_MODULES = YES;
				CLANG_ENABLE_OBJC_ARC = YES;
				CLANG_WARN_BOOL_CONVERSION = YES;
				CLANG_WARN_CONSTANT_CONVERSION = YES;
				CLANG_WARN_DIRECT_OBJC_ISA_USAGE = YES_ERROR;
				CLANG_WARN_EMPTY_BODY = YES;
				CLANG_WARN_ENUM_CONVERSION = YES;
				CLANG_WARN_INT_CONVERSION = YES;
				CLANG_WARN_OBJC_ROOT_CLASS = YES_ERROR;
				CLANG_WARN_UNREACHABLE_CODE = YES;
				CLANG_WARN__DUPLICATE_METHOD_MATCH = YES;
				"CODE_SIGN_IDENTITY[sdk=iphoneos*]" = "iPhone Developer";
				COPY_PHASE_STRIP = YES;
				ENABLE_NS_ASSERTIONS = NO;
				ENABLE_STRICT_OBJC_MSGSEND = YES;
				GCC_C_LANGUAGE_STANDARD = gnu99;
				GCC_WARN_64_TO_32_BIT_CONVERSION = YES;
				GCC_WARN_ABOUT_RETURN_TYPE = YES_ERROR;
				GCC_WARN_UNDECLARED_SELECTOR = YES;
				GCC_WARN_UNINITIALIZED_AUTOS = YES_AGGRESSIVE;
				GCC_WARN_UNUSED_FUNCTION = YES;
				GCC_WARN_UNUSED_VARIABLE = YES;
				IPHONEOS_DEPLOYMENT_TARGET = 8.0;
				MTL_ENABLE_DEBUG_INFO = NO;
				SDKROOT = iphoneos;
				VALIDATE_PRODUCT = YES;
			};
			name = Release;
		};
		15E2079A19C8E07500D76747 /* Debug */ = {
			isa = XCBuildConfiguration;
			buildSettings = {
				ASSETCATALOG_COMPILER_APPICON_NAME = AppIcon;
				INFOPLIST_FILE = Combinismo/Info.plist;
				LD_RUNPATH_SEARCH_PATHS = "$(inherited) @executable_path/Frameworks";
				PRODUCT_NAME = "$(TARGET_NAME)";
			};
			name = Debug;
		};
		15E2079B19C8E07500D76747 /* Release */ = {
			isa = XCBuildConfiguration;
			buildSettings = {
				ASSETCATALOG_COMPILER_APPICON_NAME = AppIcon;
				INFOPLIST_FILE = Combinismo/Info.plist;
				LD_RUNPATH_SEARCH_PATHS = "$(inherited) @executable_path/Frameworks";
				PRODUCT_NAME = "$(TARGET_NAME)";
			};
			name = Release;
		};
		15E2079D19C8E07500D76747 /* Debug */ = {
			isa = XCBuildConfiguration;
			buildSettings = {
				BUNDLE_LOADER = "$(TEST_HOST)";
				FRAMEWORK_SEARCH_PATHS = (
					"$(SDKROOT)/Developer/Library/Frameworks",
					"$(inherited)",
				);
				GCC_PREPROCESSOR_DEFINITIONS = (
					"DEBUG=1",
					"$(inherited)",
				);
				INFOPLIST_FILE = CombinismoTests/Info.plist;
				LD_RUNPATH_SEARCH_PATHS = "$(inherited) @executable_path/Frameworks @loader_path/Frameworks";
				PRODUCT_NAME = "$(TARGET_NAME)";
				TEST_HOST = "$(BUILT_PRODUCTS_DIR)/Combinismo.app/Combinismo";
			};
			name = Debug;
		};
		15E2079E19C8E07500D76747 /* Release */ = {
			isa = XCBuildConfiguration;
			buildSettings = {
				BUNDLE_LOADER = "$(TEST_HOST)";
				FRAMEWORK_SEARCH_PATHS = (
					"$(SDKROOT)/Developer/Library/Frameworks",
					"$(inherited)",
				);
				INFOPLIST_FILE = CombinismoTests/Info.plist;
				LD_RUNPATH_SEARCH_PATHS = "$(inherited) @executable_path/Frameworks @loader_path/Frameworks";
				PRODUCT_NAME = "$(TARGET_NAME)";
				TEST_HOST = "$(BUILT_PRODUCTS_DIR)/Combinismo.app/Combinismo";
			};
			name = Release;
		};
/* End XCBuildConfiguration section */

/* Begin XCConfigurationList section */
		15E2077119C8E07400D76747 /* Build configuration list for PBXProject "Combinismo" */ = {
			isa = XCConfigurationList;
			buildConfigurations = (
				15E2079719C8E07500D76747 /* Debug */,
				15E2079819C8E07500D76747 /* Release */,
			);
			defaultConfigurationIsVisible = 0;
			defaultConfigurationName = Release;
		};
		15E2079919C8E07500D76747 /* Build configuration list for PBXNativeTarget "Combinismo" */ = {
			isa = XCConfigurationList;
			buildConfigurations = (
				15E2079A19C8E07500D76747 /* Debug */,
				15E2079B19C8E07500D76747 /* Release */,
			);
			defaultConfigurationIsVisible = 0;
			defaultConfigurationName = Release;
		};
		15E2079C19C8E07500D76747 /* Build configuration list for PBXNativeTarget "CombinismoTests" */ = {
			isa = XCConfigurationList;
			buildConfigurations = (
				15E2079D19C8E07500D76747 /* Debug */,
				15E2079E19C8E07500D76747 /* Release */,
			);
			defaultConfigurationIsVisible = 0;
			defaultConfigurationName = Release;
		};
/* End XCConfigurationList section */
	};
	rootObject = 15E2076E19C8E07400D76747 /* Project object */;
}
